
Microsoft Visual Studio Solution File, Format Version 12.00
# Visual Studio Version 16
VisualStudioVersion = 16.0.31702.278
MinimumVisualStudioVersion = 10.0.40219.1
Project("{9A19103F-16F7-4668-BE54-9A1E7A4F7556}") = "csv2vcf", "csv2vcf\csv2vcf.csproj", "{51728455-3F44-494A-9F07-9C83E6151DE9}"
EndProject
Global
	GlobalSection(SolutionConfigurationPlatforms) = preSolution
		Debug|Any CPU = Debug|Any CPU
		Release|Any CPU = Release|Any CPU
	EndGlobalSection
	GlobalSection(ProjectConfigurationPlatforms) = postSolution
		{51728455-3F44-494A-9F07-9C83E6151DE9}.Debug|Any CPU.ActiveCfg = Debug|Any CPU
		{51728455-3F44-494A-9F07-9C83E6151DE9}.Debug|Any CPU.Build.0 = Debug|Any CPU
		{51728455-3F44-494A-9F07-9C83E6151DE9}.Release|Any CPU.ActiveCfg = Release|Any CPU
		{51728455-3F44-494A-9F07-9C83E6151DE9}.Release|Any CPU.Build.0 = Release|Any CPU
	EndGlobalSection
	GlobalSection(SolutionProperties) = preSolution
		HideSolutionNode = FALSE
	EndGlobalSection
	GlobalSection(ExtensibilityGlobals) = postSolution
		SolutionGuid = {D9B7DF8C-B861-4C8A-AD98-2C23DA669FB4}
	EndGlobalSection
EndGlobal
